
Microsoft Visual Studio Solution File, Format Version 12.00
# Visual Studio Version 16
VisualStudioVersion = 16.0.30225.117
MinimumVisualStudioVersion = 10.0.40219.1
Project("{8BC9CEB8-8B4A-11D0-8D11-00A0C91BC942}") = "Project1", "Project1\Project1.vcxproj", "{B74B2DF9-AAB8-4C72-AF09-0C7FBDF00718}"
EndProject
Global
	GlobalSection(SolutionConfigurationPlatforms) = preSolution
		Debug|x64 = Debug|x64
		Debug|x86 = Debug|x86
		Release|x64 = Release|x64
		Release|x86 = Release|x86
	EndGlobalSection
	GlobalSection(ProjectConfigurationPlatforms) = postSolution
		{B74B2DF9-AAB8-4C72-AF09-0C7FBDF00718}.Debug|x64.ActiveCfg = Debug|x64
		{B74B2DF9-AAB8-4C72-AF09-0C7FBDF00718}.Debug|x64.Build.0 = Debug|x64
		{B74B2DF9-AAB8-4C72-AF09-0C7FBDF00718}.Debug|x86.ActiveCfg = Debug|Win32
		{B74B2DF9-AAB8-4C72-AF09-0C7FBDF00718}.Debug|x86.Build.0 = Debug|Win32
		{B74B2DF9-AAB8-4C72-AF09-0C7FBDF00718}.Release|x64.ActiveCfg = Release|x64
		{B74B2DF9-AAB8-4C72-AF09-0C7FBDF00718}.Release|x64.Build.0 = Release|x64
		{B74B2DF9-AAB8-4C72-AF09-0C7FBDF00718}.Release|x86.ActiveCfg = Release|Win32
		{B74B2DF9-AAB8-4C72-AF09-0C7FBDF00718}.Release|x86.Build.0 = Release|Win32
	EndGlobalSection
	GlobalSection(SolutionProperties) = preSolution
		HideSolutionNode = FALSE
	EndGlobalSection
	GlobalSection(ExtensibilityGlobals) = postSolution
		SolutionGuid = {D8E3F8FD-173A-4D46-B088-6EA7B2188245}
	EndGlobalSection
EndGlobal
